
Microsoft Visual Studio Solution File, Format Version 12.00
# Visual Studio 15
VisualStudioVersion = 15.0.28307.329
MinimumVisualStudioVersion = 10.0.40219.1
Project("{FAE04EC0-301F-11D3-BF4B-00C04F79EFBC}") = "java2yaml", "src\java2yaml\java2yaml.csproj", "{E3865B89-370C-474D-8FE3-64B986107767}"
EndProject
Project("{2150E333-8FDC-42A3-9474-1A3956D46DE8}") = "src", "src", "{61FDF28B-0034-4B60-B648-0DE8A590DE35}"
EndProject
Project("{FAE04EC0-301F-11D3-BF4B-00C04F79EFBC}") = "Microsoft.Content.Build.Java2Yaml.DataContracts", "src\Microsoft.Content.Build.Java2Yaml.DataContracts\Microsoft.Content.Build.Java2Yaml.DataContracts.csproj", "{E9849CDD-0710-4547-A7D8-61A9C55DD578}"
EndProject
Project("{FAE04EC0-301F-11D3-BF4B-00C04F79EFBC}") = "Microsoft.Content.Build.Java2Yaml.Common", "src\Microsoft.Content.Build.Java2Yaml.Common\Microsoft.Content.Build.Java2Yaml.Common.csproj", "{1A4CA070-7589-4CAD-B320-5FB5D08B3C43}"
EndProject
Project("{FAE04EC0-301F-11D3-BF4B-00C04F79EFBC}") = "Microsoft.Content.Build.Java2Yaml.Steps", "src\Microsoft.Content.Build.Java2Yaml.Steps\Microsoft.Content.Build.Java2Yaml.Steps.csproj", "{CBE46D14-244C-4D4B-8E0D-26FC681170C2}"
EndProject
Project("{FAE04EC0-301F-11D3-BF4B-00C04F79EFBC}") = "Microsoft.Content.Build.Java2Yaml.Constants", "src\Microsoft.Content.Build.Java2Yaml.Constants\Microsoft.Content.Build.Java2Yaml.Constants.csproj", "{F24F1B97-718D-4490-A022-C4F41241A9F9}"
EndProject
Global
	GlobalSection(SolutionConfigurationPlatforms) = preSolution
		Debug|Any CPU = Debug|Any CPU
		Release|Any CPU = Release|Any CPU
	EndGlobalSection
	GlobalSection(ProjectConfigurationPlatforms) = postSolution
		{E3865B89-370C-474D-8FE3-64B986107767}.Debug|Any CPU.ActiveCfg = Debug|Any CPU
		{E3865B89-370C-474D-8FE3-64B986107767}.Debug|Any CPU.Build.0 = Debug|Any CPU
		{E3865B89-370C-474D-8FE3-64B986107767}.Release|Any CPU.ActiveCfg = Release|Any CPU
		{E3865B89-370C-474D-8FE3-64B986107767}.Release|Any CPU.Build.0 = Release|Any CPU
		{E9849CDD-0710-4547-A7D8-61A9C55DD578}.Debug|Any CPU.ActiveCfg = Debug|Any CPU
		{E9849CDD-0710-4547-A7D8-61A9C55DD578}.Debug|Any CPU.Build.0 = Debug|Any CPU
		{E9849CDD-0710-4547-A7D8-61A9C55DD578}.Release|Any CPU.ActiveCfg = Release|Any CPU
		{E9849CDD-0710-4547-A7D8-61A9C55DD578}.Release|Any CPU.Build.0 = Release|Any CPU
		{1A4CA070-7589-4CAD-B320-5FB5D08B3C43}.Debug|Any CPU.ActiveCfg = Debug|Any CPU
		{1A4CA070-7589-4CAD-B320-5FB5D08B3C43}.Debug|Any CPU.Build.0 = Debug|Any CPU
		{1A4CA070-7589-4CAD-B320-5FB5D08B3C43}.Release|Any CPU.ActiveCfg = Release|Any CPU
		{1A4CA070-7589-4CAD-B320-5FB5D08B3C43}.Release|Any CPU.Build.0 = Release|Any CPU
		{CBE46D14-244C-4D4B-8E0D-26FC681170C2}.Debug|Any CPU.ActiveCfg = Debug|Any CPU
		{CBE46D14-244C-4D4B-8E0D-26FC681170C2}.Debug|Any CPU.Build.0 = Debug|Any CPU
		{CBE46D14-244C-4D4B-8E0D-26FC681170C2}.Release|Any CPU.ActiveCfg = Release|Any CPU
		{CBE46D14-244C-4D4B-8E0D-26FC681170C2}.Release|Any CPU.Build.0 = Release|Any CPU
		{F24F1B97-718D-4490-A022-C4F41241A9F9}.Debug|Any CPU.ActiveCfg = Debug|Any CPU
		{F24F1B97-718D-4490-A022-C4F41241A9F9}.Debug|Any CPU.Build.0 = Debug|Any CPU
		{F24F1B97-718D-4490-A022-C4F41241A9F9}.Release|Any CPU.ActiveCfg = Release|Any CPU
		{F24F1B97-718D-4490-A022-C4F41241A9F9}.Release|Any CPU.Build.0 = Release|Any CPU
	EndGlobalSection
	GlobalSection(SolutionProperties) = preSolution
		HideSolutionNode = FALSE
	EndGlobalSection
	GlobalSection(NestedProjects) = preSolution
		{E3865B89-370C-474D-8FE3-64B986107767} = {61FDF28B-0034-4B60-B648-0DE8A590DE35}
		{E9849CDD-0710-4547-A7D8-61A9C55DD578} = {61FDF28B-0034-4B60-B648-0DE8A590DE35}
		{1A4CA070-7589-4CAD-B320-5FB5D08B3C43} = {61FDF28B-0034-4B60-B648-0DE8A590DE35}
		{CBE46D14-244C-4D4B-8E0D-26FC681170C2} = {61FDF28B-0034-4B60-B648-0DE8A590DE35}
		{F24F1B97-718D-4490-A022-C4F41241A9F9} = {61FDF28B-0034-4B60-B648-0DE8A590DE35}
	EndGlobalSection
	GlobalSection(ExtensibilityGlobals) = postSolution
		SolutionGuid = {BADB62A7-670E-40D5-8155-4EC2F03FBC4A}
	EndGlobalSection
EndGlobal
